
Microsoft Visual Studio Solution File, Format Version 12.00
# Visual Studio Version 17
VisualStudioVersion = 17.8.34322.80
MinimumVisualStudioVersion = 10.0.40219.1
Project("{FAE04EC0-301F-11D3-BF4B-00C04F79EFBC}") = "CacPhepTinh", "CacPhepTinh.csproj", "{057AC187-C26D-4058-875A-2019DA8BFB7B}"
EndProject
Global
	GlobalSection(SolutionConfigurationPlatforms) = preSolution
		Debug|Any CPU = Debug|Any CPU
		Release|Any CPU = Release|Any CPU
	EndGlobalSection
	GlobalSection(ProjectConfigurationPlatforms) = postSolution
		{057AC187-C26D-4058-875A-2019DA8BFB7B}.Debug|Any CPU.ActiveCfg = Debug|Any CPU
		{057AC187-C26D-4058-875A-2019DA8BFB7B}.Debug|Any CPU.Build.0 = Debug|Any CPU
		{057AC187-C26D-4058-875A-2019DA8BFB7B}.Release|Any CPU.ActiveCfg = Release|Any CPU
		{057AC187-C26D-4058-875A-2019DA8BFB7B}.Release|Any CPU.Build.0 = Release|Any CPU
	EndGlobalSection
	GlobalSection(SolutionProperties) = preSolution
		HideSolutionNode = FALSE
	EndGlobalSection
	GlobalSection(ExtensibilityGlobals) = postSolution
		SolutionGuid = {D53DF2A4-1AAA-4AAA-8E3C-DE6ED09CE42E}
	EndGlobalSection
EndGlobal
