
Microsoft Visual Studio Solution File, Format Version 12.00
# Visual Studio 14
VisualStudioVersion = 14.0.25420.1
MinimumVisualStudioVersion = 10.0.40219.1
Project("{FAE04EC0-301F-11D3-BF4B-00C04F79EFBC}") = "Xucxac", "Xucxac\Xucxac.csproj", "{B9389950-AD6E-4140-BDE7-F30BB88CDCAD}"
EndProject
Global
	GlobalSection(SolutionConfigurationPlatforms) = preSolution
		Debug|Any CPU = Debug|Any CPU
		Release|Any CPU = Release|Any CPU
	EndGlobalSection
	GlobalSection(ProjectConfigurationPlatforms) = postSolution
		{B9389950-AD6E-4140-BDE7-F30BB88CDCAD}.Debug|Any CPU.ActiveCfg = Debug|Any CPU
		{B9389950-AD6E-4140-BDE7-F30BB88CDCAD}.Debug|Any CPU.Build.0 = Debug|Any CPU
		{B9389950-AD6E-4140-BDE7-F30BB88CDCAD}.Release|Any CPU.ActiveCfg = Release|Any CPU
		{B9389950-AD6E-4140-BDE7-F30BB88CDCAD}.Release|Any CPU.Build.0 = Release|Any CPU
	EndGlobalSection
	GlobalSection(SolutionProperties) = preSolution
		HideSolutionNode = FALSE
	EndGlobalSection
EndGlobal
