
Microsoft Visual Studio Solution File, Format Version 12.00
# Visual Studio Version 17
VisualStudioVersion = 17.8.34322.80
MinimumVisualStudioVersion = 10.0.40219.1
Project("{FAE04EC0-301F-11D3-BF4B-00C04F79EFBC}") = "ChuyenMaASCII", "ChuyenMaASCII.csproj", "{A81E6F90-98F2-43F4-8FB7-C03C921AAFE8}"
EndProject
Global
	GlobalSection(SolutionConfigurationPlatforms) = preSolution
		Debug|Any CPU = Debug|Any CPU
		Release|Any CPU = Release|Any CPU
	EndGlobalSection
	GlobalSection(ProjectConfigurationPlatforms) = postSolution
		{A81E6F90-98F2-43F4-8FB7-C03C921AAFE8}.Debug|Any CPU.ActiveCfg = Debug|Any CPU
		{A81E6F90-98F2-43F4-8FB7-C03C921AAFE8}.Debug|Any CPU.Build.0 = Debug|Any CPU
		{A81E6F90-98F2-43F4-8FB7-C03C921AAFE8}.Release|Any CPU.ActiveCfg = Release|Any CPU
		{A81E6F90-98F2-43F4-8FB7-C03C921AAFE8}.Release|Any CPU.Build.0 = Release|Any CPU
	EndGlobalSection
	GlobalSection(SolutionProperties) = preSolution
		HideSolutionNode = FALSE
	EndGlobalSection
	GlobalSection(ExtensibilityGlobals) = postSolution
		SolutionGuid = {E3863FA1-9DCD-48CC-841B-B77E468E1E22}
	EndGlobalSection
EndGlobal
