
Microsoft Visual Studio Solution File, Format Version 12.00
# Visual Studio Version 17
VisualStudioVersion = 17.8.34322.80
MinimumVisualStudioVersion = 10.0.40219.1
Project("{FAE04EC0-301F-11D3-BF4B-00C04F79EFBC}") = "ON_TAP_DO_HOA", "ON_TAP_DO_HOA.csproj", "{CBFD0BE7-B6C1-4DA7-AAD6-4389EB4ACD5E}"
EndProject
Global
	GlobalSection(SolutionConfigurationPlatforms) = preSolution
		Debug|Any CPU = Debug|Any CPU
		Release|Any CPU = Release|Any CPU
	EndGlobalSection
	GlobalSection(ProjectConfigurationPlatforms) = postSolution
		{CBFD0BE7-B6C1-4DA7-AAD6-4389EB4ACD5E}.Debug|Any CPU.ActiveCfg = Debug|Any CPU
		{CBFD0BE7-B6C1-4DA7-AAD6-4389EB4ACD5E}.Debug|Any CPU.Build.0 = Debug|Any CPU
		{CBFD0BE7-B6C1-4DA7-AAD6-4389EB4ACD5E}.Release|Any CPU.ActiveCfg = Release|Any CPU
		{CBFD0BE7-B6C1-4DA7-AAD6-4389EB4ACD5E}.Release|Any CPU.Build.0 = Release|Any CPU
	EndGlobalSection
	GlobalSection(SolutionProperties) = preSolution
		HideSolutionNode = FALSE
	EndGlobalSection
	GlobalSection(ExtensibilityGlobals) = postSolution
		SolutionGuid = {C90076FB-8CFF-4BDD-BAD5-37C40150758D}
	EndGlobalSection
EndGlobal
