
Microsoft Visual Studio Solution File, Format Version 12.00
# Visual Studio Version 17
VisualStudioVersion = 17.8.34322.80
MinimumVisualStudioVersion = 10.0.40219.1
Project("{FAE04EC0-301F-11D3-BF4B-00C04F79EFBC}") = "SoNgauNhien", "SoNgauNhien.csproj", "{48897CF3-4A3F-4B2C-BB62-44AFF26071DF}"
EndProject
Global
	GlobalSection(SolutionConfigurationPlatforms) = preSolution
		Debug|Any CPU = Debug|Any CPU
		Release|Any CPU = Release|Any CPU
	EndGlobalSection
	GlobalSection(ProjectConfigurationPlatforms) = postSolution
		{48897CF3-4A3F-4B2C-BB62-44AFF26071DF}.Debug|Any CPU.ActiveCfg = Debug|Any CPU
		{48897CF3-4A3F-4B2C-BB62-44AFF26071DF}.Debug|Any CPU.Build.0 = Debug|Any CPU
		{48897CF3-4A3F-4B2C-BB62-44AFF26071DF}.Release|Any CPU.ActiveCfg = Release|Any CPU
		{48897CF3-4A3F-4B2C-BB62-44AFF26071DF}.Release|Any CPU.Build.0 = Release|Any CPU
	EndGlobalSection
	GlobalSection(SolutionProperties) = preSolution
		HideSolutionNode = FALSE
	EndGlobalSection
	GlobalSection(ExtensibilityGlobals) = postSolution
		SolutionGuid = {72C16A5D-7488-415C-ACB1-A01BD5B36242}
	EndGlobalSection
EndGlobal
